// !$*UTF8*$!
{
	archiveVersion = 1;
	classes = {
	};
	objectVersion = 50;
	objects = {

/* Begin PBXBuildFile section */
		FB378569209CDC71007EC68C /* AppDelegate.swift in Sources */ = {isa = PBXBuildFile; fileRef = FB378568209CDC71007EC68C /* AppDelegate.swift */; };
		FB37856E209CDC71007EC68C /* Main.storyboard in Resources */ = {isa = PBXBuildFile; fileRef = FB37856C209CDC71007EC68C /* Main.storyboard */; };
		FB378570209CDC72007EC68C /* Assets.xcassets in Resources */ = {isa = PBXBuildFile; fileRef = FB37856F209CDC72007EC68C /* Assets.xcassets */; };
		FB378573209CDC72007EC68C /* LaunchScreen.storyboard in Resources */ = {isa = PBXBuildFile; fileRef = FB378571209CDC72007EC68C /* LaunchScreen.storyboard */; };
		FB37857B209CE101007EC68C /* CalendarViewController.swift in Sources */ = {isa = PBXBuildFile; fileRef = FB37857A209CE101007EC68C /* CalendarViewController.swift */; };
		FB37857D209CE157007EC68C /* ContainerViewController.swift in Sources */ = {isa = PBXBuildFile; fileRef = FB37857C209CE157007EC68C /* ContainerViewController.swift */; };
		FB37857F209CEB41007EC68C /* DayCell.swift in Sources */ = {isa = PBXBuildFile; fileRef = FB37857E209CEB41007EC68C /* DayCell.swift */; };
		FB378581209CEB48007EC68C /* DayCell.xib in Resources */ = {isa = PBXBuildFile; fileRef = FB378580209CEB48007EC68C /* DayCell.xib */; };
		FB378587209CF917007EC68C /* CircleView.swift in Sources */ = {isa = PBXBuildFile; fileRef = FB378586209CF917007EC68C /* CircleView.swift */; };
		FB3ECDA620A0C43D007154AB /* CollectionViewHandler.swift in Sources */ = {isa = PBXBuildFile; fileRef = FB3ECDA520A0C43D007154AB /* CollectionViewHandler.swift */; };
		FB3ECDAA20A0C459007154AB /* CalendarCollectionViewHandler.swift in Sources */ = {isa = PBXBuildFile; fileRef = FB3ECDA920A0C459007154AB /* CalendarCollectionViewHandler.swift */; };
		FB3ECDAC20A0C47B007154AB /* NibBased.swift in Sources */ = {isa = PBXBuildFile; fileRef = FB3ECDAB20A0C47B007154AB /* NibBased.swift */; };
		FBF8150F20A28386000F586F /* HeaderCollectionViewHandler.swift in Sources */ = {isa = PBXBuildFile; fileRef = FBF8150E20A28386000F586F /* HeaderCollectionViewHandler.swift */; };
		FBF8151120A284E6000F586F /* CollectionViewSpacer.swift in Sources */ = {isa = PBXBuildFile; fileRef = FBF8151020A284E6000F586F /* CollectionViewSpacer.swift */; };
		FBF8151320A2899E000F586F /* HeaderCell.swift in Sources */ = {isa = PBXBuildFile; fileRef = FBF8151220A2899E000F586F /* HeaderCell.swift */; };
		FBF8151520A289C8000F586F /* HeaderCell.xib in Resources */ = {isa = PBXBuildFile; fileRef = FBF8151420A289C8000F586F /* HeaderCell.xib */; };
/* End PBXBuildFile section */

/* Begin PBXFileReference section */
		FB378565209CDC71007EC68C /* BrightVibeCalendar.app */ = {isa = PBXFileReference; explicitFileType = wrapper.application; includeInIndex = 0; path = BrightVibeCalendar.app; sourceTree = BUILT_PRODUCTS_DIR; };
		FB378568209CDC71007EC68C /* AppDelegate.swift */ = {isa = PBXFileReference; lastKnownFileType = sourcecode.swift; path = AppDelegate.swift; sourceTree = "<group>"; };
		FB37856D209CDC71007EC68C /* Base */ = {isa = PBXFileReference; lastKnownFileType = file.storyboard; name = Base; path = Base.lproj/Main.storyboard; sourceTree = "<group>"; };
		FB37856F209CDC72007EC68C /* Assets.xcassets */ = {isa = PBXFileReference; lastKnownFileType = folder.assetcatalog; path = Assets.xcassets; sourceTree = "<group>"; };
		FB378572209CDC72007EC68C /* Base */ = {isa = PBXFileReference; lastKnownFileType = file.storyboard; name = Base; path = Base.lproj/LaunchScreen.storyboard; sourceTree = "<group>"; };
		FB378574209CDC72007EC68C /* Info.plist */ = {isa = PBXFileReference; lastKnownFileType = text.plist.xml; path = Info.plist; sourceTree = "<group>"; };
		FB37857A209CE101007EC68C /* CalendarViewController.swift */ = {isa = PBXFileReference; lastKnownFileType = sourcecode.swift; path = CalendarViewController.swift; sourceTree = "<group>"; };
		FB37857C209CE157007EC68C /* ContainerViewController.swift */ = {isa = PBXFileReference; lastKnownFileType = sourcecode.swift; path = ContainerViewController.swift; sourceTree = "<group>"; };
		FB37857E209CEB41007EC68C /* DayCell.swift */ = {isa = PBXFileReference; lastKnownFileType = sourcecode.swift; path = DayCell.swift; sourceTree = "<group>"; };
		FB378580209CEB48007EC68C /* DayCell.xib */ = {isa = PBXFileReference; lastKnownFileType = file.xib; path = DayCell.xib; sourceTree = "<group>"; };
		FB378586209CF917007EC68C /* CircleView.swift */ = {isa = PBXFileReference; lastKnownFileType = sourcecode.swift; path = CircleView.swift; sourceTree = "<group>"; };
		FB3ECDA520A0C43D007154AB /* CollectionViewHandler.swift */ = {isa = PBXFileReference; lastKnownFileType = sourcecode.swift; path = CollectionViewHandler.swift; sourceTree = "<group>"; };
		FB3ECDA920A0C459007154AB /* CalendarCollectionViewHandler.swift */ = {isa = PBXFileReference; lastKnownFileType = sourcecode.swift; path = CalendarCollectionViewHandler.swift; sourceTree = "<group>"; };
		FB3ECDAB20A0C47B007154AB /* NibBased.swift */ = {isa = PBXFileReference; lastKnownFileType = sourcecode.swift; path = NibBased.swift; sourceTree = "<group>"; };
		FBF8150E20A28386000F586F /* HeaderCollectionViewHandler.swift */ = {isa = PBXFileReference; lastKnownFileType = sourcecode.swift; path = HeaderCollectionViewHandler.swift; sourceTree = "<group>"; };
		FBF8151020A284E6000F586F /* CollectionViewSpacer.swift */ = {isa = PBXFileReference; lastKnownFileType = sourcecode.swift; path = CollectionViewSpacer.swift; sourceTree = "<group>"; };
		FBF8151220A2899E000F586F /* HeaderCell.swift */ = {isa = PBXFileReference; lastKnownFileType = sourcecode.swift; path = HeaderCell.swift; sourceTree = "<group>"; };
		FBF8151420A289C8000F586F /* HeaderCell.xib */ = {isa = PBXFileReference; lastKnownFileType = file.xib; path = HeaderCell.xib; sourceTree = "<group>"; };
/* End PBXFileReference section */

/* Begin PBXFrameworksBuildPhase section */
		FB378562209CDC71007EC68C /* Frameworks */ = {
			isa = PBXFrameworksBuildPhase;
			buildActionMask = 2147483647;
			files = (
			);
			runOnlyForDeploymentPostprocessing = 0;
		};
/* End PBXFrameworksBuildPhase section */

/* Begin PBXGroup section */
		FB37855C209CDC71007EC68C = {
			isa = PBXGroup;
			children = (
				FB378567209CDC71007EC68C /* BrightVibeCalendar */,
				FB378566209CDC71007EC68C /* Products */,
			);
			sourceTree = "<group>";
		};
		FB378566209CDC71007EC68C /* Products */ = {
			isa = PBXGroup;
			children = (
				FB378565209CDC71007EC68C /* BrightVibeCalendar.app */,
			);
			name = Products;
			sourceTree = "<group>";
		};
		FB378567209CDC71007EC68C /* BrightVibeCalendar */ = {
			isa = PBXGroup;
			children = (
				FB378568209CDC71007EC68C /* AppDelegate.swift */,
				FB378574209CDC72007EC68C /* Info.plist */,
				FBF8151720A28DD4000F586F /* Collection View Helpers */,
				FBF8151620A28DC5000F586F /* Cells */,
				FBF8151A20A28E0E000F586F /* Protocols */,
				FBF8151820A28DF6000F586F /* UI */,
				FBF8151920A28E04000F586F /* View Controllers */,
			);
			path = BrightVibeCalendar;
			sourceTree = "<group>";
		};
		FBF8151620A28DC5000F586F /* Cells */ = {
			isa = PBXGroup;
			children = (
				FB37857E209CEB41007EC68C /* DayCell.swift */,
				FB378580209CEB48007EC68C /* DayCell.xib */,
				FBF8151220A2899E000F586F /* HeaderCell.swift */,
				FBF8151420A289C8000F586F /* HeaderCell.xib */,
			);
			path = Cells;
			sourceTree = "<group>";
		};
		FBF8151720A28DD4000F586F /* Collection View Helpers */ = {
			isa = PBXGroup;
			children = (
				FB3ECDA520A0C43D007154AB /* CollectionViewHandler.swift */,
				FB3ECDA920A0C459007154AB /* CalendarCollectionViewHandler.swift */,
				FBF8150E20A28386000F586F /* HeaderCollectionViewHandler.swift */,
				FBF8151020A284E6000F586F /* CollectionViewSpacer.swift */,
			);
			path = "Collection View Helpers";
			sourceTree = "<group>";
		};
		FBF8151820A28DF6000F586F /* UI */ = {
			isa = PBXGroup;
			children = (
				FB37856F209CDC72007EC68C /* Assets.xcassets */,
				FB378586209CF917007EC68C /* CircleView.swift */,
				FB378571209CDC72007EC68C /* LaunchScreen.storyboard */,
				FB37856C209CDC71007EC68C /* Main.storyboard */,
			);
			path = UI;
			sourceTree = "<group>";
		};
		FBF8151920A28E04000F586F /* View Controllers */ = {
			isa = PBXGroup;
			children = (
				FB37857A209CE101007EC68C /* CalendarViewController.swift */,
				FB37857C209CE157007EC68C /* ContainerViewController.swift */,
			);
			path = "View Controllers";
			sourceTree = "<group>";
		};
		FBF8151A20A28E0E000F586F /* Protocols */ = {
			isa = PBXGroup;
			children = (
				FB3ECDAB20A0C47B007154AB /* NibBased.swift */,
			);
			path = Protocols;
			sourceTree = "<group>";
		};
/* End PBXGroup section */

/* Begin PBXNativeTarget section */
		FB378564209CDC71007EC68C /* BrightVibeCalendar */ = {
			isa = PBXNativeTarget;
			buildConfigurationList = FB378577209CDC72007EC68C /* Build configuration list for PBXNativeTarget "BrightVibeCalendar" */;
			buildPhases = (
				FB378561209CDC71007EC68C /* Sources */,
				FB378562209CDC71007EC68C /* Frameworks */,
				FB378563209CDC71007EC68C /* Resources */,
			);
			buildRules = (
			);
			dependencies = (
			);
			name = BrightVibeCalendar;
			productName = BrightVibeCalendar;
			productReference = FB378565209CDC71007EC68C /* BrightVibeCalendar.app */;
			productType = "com.apple.product-type.application";
		};
/* End PBXNativeTarget section */

/* Begin PBXProject section */
		FB37855D209CDC71007EC68C /* Project object */ = {
			isa = PBXProject;
			attributes = {
				LastSwiftUpdateCheck = 0930;
				LastUpgradeCheck = 0930;
				ORGANIZATIONNAME = "Rob Timpone";
				TargetAttributes = {
					FB378564209CDC71007EC68C = {
						CreatedOnToolsVersion = 9.3;
					};
				};
			};
			buildConfigurationList = FB378560209CDC71007EC68C /* Build configuration list for PBXProject "BrightVibeCalendar" */;
			compatibilityVersion = "Xcode 9.3";
			developmentRegion = en;
			hasScannedForEncodings = 0;
			knownRegions = (
				en,
				Base,
			);
			mainGroup = FB37855C209CDC71007EC68C;
			productRefGroup = FB378566209CDC71007EC68C /* Products */;
			projectDirPath = "";
			projectRoot = "";
			targets = (
				FB378564209CDC71007EC68C /* BrightVibeCalendar */,
			);
		};
/* End PBXProject section */

/* Begin PBXResourcesBuildPhase section */
		FB378563209CDC71007EC68C /* Resources */ = {
			isa = PBXResourcesBuildPhase;
			buildActionMask = 2147483647;
			files = (
				FBF8151520A289C8000F586F /* HeaderCell.xib in Resources */,
				FB378573209CDC72007EC68C /* LaunchScreen.storyboard in Resources */,
				FB378570209CDC72007EC68C /* Assets.xcassets in Resources */,
				FB378581209CEB48007EC68C /* DayCell.xib in Resources */,
				FB37856E209CDC71007EC68C /* Main.storyboard in Resources */,
			);
			runOnlyForDeploymentPostprocessing = 0;
		};
/* End PBXResourcesBuildPhase section */

/* Begin PBXSourcesBuildPhase section */
		FB378561209CDC71007EC68C /* Sources */ = {
			isa = PBXSourcesBuildPhase;
			buildActionMask = 2147483647;
			files = (
				FBF8151120A284E6000F586F /* CollectionViewSpacer.swift in Sources */,
				FB378587209CF917007EC68C /* CircleView.swift in Sources */,
				FB37857B209CE101007EC68C /* CalendarViewController.swift in Sources */,
				FB37857D209CE157007EC68C /* ContainerViewController.swift in Sources */,
				FBF8150F20A28386000F586F /* HeaderCollectionViewHandler.swift in Sources */,
				FB37857F209CEB41007EC68C /* DayCell.swift in Sources */,
				FB378569209CDC71007EC68C /* AppDelegate.swift in Sources */,
				FB3ECDAA20A0C459007154AB /* CalendarCollectionViewHandler.swift in Sources */,
				FB3ECDAC20A0C47B007154AB /* NibBased.swift in Sources */,
				FBF8151320A2899E000F586F /* HeaderCell.swift in Sources */,
				FB3ECDA620A0C43D007154AB /* CollectionViewHandler.swift in Sources */,
			);
			runOnlyForDeploymentPostprocessing = 0;
		};
/* End PBXSourcesBuildPhase section */

/* Begin PBXVariantGroup section */
		FB37856C209CDC71007EC68C /* Main.storyboard */ = {
			isa = PBXVariantGroup;
			children = (
				FB37856D209CDC71007EC68C /* Base */,
			);
			name = Main.storyboard;
			sourceTree = "<group>";
		};
		FB378571209CDC72007EC68C /* LaunchScreen.storyboard */ = {
			isa = PBXVariantGroup;
			children = (
				FB378572209CDC72007EC68C /* Base */,
			);
			name = LaunchScreen.storyboard;
			sourceTree = "<group>";
		};
/* End PBXVariantGroup section */

/* Begin XCBuildConfiguration section */
		FB378575209CDC72007EC68C /* Debug */ = {
			isa = XCBuildConfiguration;
			buildSettings = {
				ALWAYS_SEARCH_USER_PATHS = NO;
				CLANG_ANALYZER_NONNULL = YES;
				CLANG_ANALYZER_NUMBER_OBJECT_CONVERSION = YES_AGGRESSIVE;
				CLANG_CXX_LANGUAGE_STANDARD = "gnu++14";
				CLANG_CXX_LIBRARY = "libc++";
				CLANG_ENABLE_MODULES = YES;
				CLANG_ENABLE_OBJC_ARC = YES;
				CLANG_ENABLE_OBJC_WEAK = YES;
				CLANG_WARN_BLOCK_CAPTURE_AUTORELEASING = YES;
				CLANG_WARN_BOOL_CONVERSION = YES;
				CLANG_WARN_COMMA = YES;
				CLANG_WARN_CONSTANT_CONVERSION = YES;
				CLANG_WARN_DEPRECATED_OBJC_IMPLEMENTATIONS = YES;
				CLANG_WARN_DIRECT_OBJC_ISA_USAGE = YES_ERROR;
				CLANG_WARN_DOCUMENTATION_COMMENTS = YES;
				CLANG_WARN_EMPTY_BODY = YES;
				CLANG_WARN_ENUM_CONVERSION = YES;
				CLANG_WARN_INFINITE_RECURSION = YES;
				CLANG_WARN_INT_CONVERSION = YES;
				CLANG_WARN_NON_LITERAL_NULL_CONVERSION = YES;
				CLANG_WARN_OBJC_IMPLICIT_RETAIN_SELF = YES;
				CLANG_WARN_OBJC_LITERAL_CONVERSION = YES;
				CLANG_WARN_OBJC_ROOT_CLASS = YES_ERROR;
				CLANG_WARN_RANGE_LOOP_ANALYSIS = YES;
				CLANG_WARN_STRICT_PROTOTYPES = YES;
				CLANG_WARN_SUSPICIOUS_MOVE = YES;
				CLANG_WARN_UNGUARDED_AVAILABILITY = YES_AGGRESSIVE;
				CLANG_WARN_UNREACHABLE_CODE = YES;
				CLANG_WARN__DUPLICATE_METHOD_MATCH = YES;
				CODE_SIGN_IDENTITY = "iPhone Developer";
				COPY_PHASE_STRIP = NO;
				DEBUG_INFORMATION_FORMAT = dwarf;
				ENABLE_STRICT_OBJC_MSGSEND = YES;
				ENABLE_TESTABILITY = YES;
				GCC_C_LANGUAGE_STANDARD = gnu11;
				GCC_DYNAMIC_NO_PIC = NO;
				GCC_NO_COMMON_BLOCKS = YES;
				GCC_OPTIMIZATION_LEVEL = 0;
				GCC_PREPROCESSOR_DEFINITIONS = (
					"DEBUG=1",
					"$(inherited)",
				);
				GCC_WARN_64_TO_32_BIT_CONVERSION = YES;
				GCC_WARN_ABOUT_RETURN_TYPE = YES_ERROR;
				GCC_WARN_UNDECLARED_SELECTOR = YES;
				GCC_WARN_UNINITIALIZED_AUTOS = YES_AGGRESSIVE;
				GCC_WARN_UNUSED_FUNCTION = YES;
				GCC_WARN_UNUSED_VARIABLE = YES;
				IPHONEOS_DEPLOYMENT_TARGET = 11.3;
				MTL_ENABLE_DEBUG_INFO = YES;
				ONLY_ACTIVE_ARCH = YES;
				SDKROOT = iphoneos;
				SWIFT_ACTIVE_COMPILATION_CONDITIONS = DEBUG;
				SWIFT_OPTIMIZATION_LEVEL = "-Onone";
			};
			name = Debug;
		};
		FB378576209CDC72007EC68C /* Release */ = {
			isa = XCBuildConfiguration;
			buildSettings = {
				ALWAYS_SEARCH_USER_PATHS = NO;
				CLANG_ANALYZER_NONNULL = YES;
				CLANG_ANALYZER_NUMBER_OBJECT_CONVERSION = YES_AGGRESSIVE;
				CLANG_CXX_LANGUAGE_STANDARD = "gnu++14";
				CLANG_CXX_LIBRARY = "libc++";
				CLANG_ENABLE_MODULES = YES;
				CLANG_ENABLE_OBJC_ARC = YES;
				CLANG_ENABLE_OBJC_WEAK = YES;
				CLANG_WARN_BLOCK_CAPTURE_AUTORELEASING = YES;
				CLANG_WARN_BOOL_CONVERSION = YES;
				CLANG_WARN_COMMA = YES;
				CLANG_WARN_CONSTANT_CONVERSION = YES;
				CLANG_WARN_DEPRECATED_OBJC_IMPLEMENTATIONS = YES;
				CLANG_WARN_DIRECT_OBJC_ISA_USAGE = YES_ERROR;
				CLANG_WARN_DOCUMENTATION_COMMENTS = YES;
				CLANG_WARN_EMPTY_BODY = YES;
				CLANG_WARN_ENUM_CONVERSION = YES;
				CLANG_WARN_INFINITE_RECURSION = YES;
				CLANG_WARN_INT_CONVERSION = YES;
				CLANG_WARN_NON_LITERAL_NULL_CONVERSION = YES;
				CLANG_WARN_OBJC_IMPLICIT_RETAIN_SELF = YES;
				CLANG_WARN_OBJC_LITERAL_CONVERSION = YES;
				CLANG_WARN_OBJC_ROOT_CLASS = YES_ERROR;
				CLANG_WARN_RANGE_LOOP_ANALYSIS = YES;
				CLANG_WARN_STRICT_PROTOTYPES = YES;
				CLANG_WARN_SUSPICIOUS_MOVE = YES;
				CLANG_WARN_UNGUARDED_AVAILABILITY = YES_AGGRESSIVE;
				CLANG_WARN_UNREACHABLE_CODE = YES;
				CLANG_WARN__DUPLICATE_METHOD_MATCH = YES;
				CODE_SIGN_IDENTITY = "iPhone Developer";
				COPY_PHASE_STRIP = NO;
				DEBUG_INFORMATION_FORMAT = "dwarf-with-dsym";
				ENABLE_NS_ASSERTIONS = NO;
				ENABLE_STRICT_OBJC_MSGSEND = YES;
				GCC_C_LANGUAGE_STANDARD = gnu11;
				GCC_NO_COMMON_BLOCKS = YES;
				GCC_WARN_64_TO_32_BIT_CONVERSION = YES;
				GCC_WARN_ABOUT_RETURN_TYPE = YES_ERROR;
				GCC_WARN_UNDECLARED_SELECTOR = YES;
				GCC_WARN_UNINITIALIZED_AUTOS = YES_AGGRESSIVE;
				GCC_WARN_UNUSED_FUNCTION = YES;
				GCC_WARN_UNUSED_VARIABLE = YES;
				IPHONEOS_DEPLOYMENT_TARGET = 11.3;
				MTL_ENABLE_DEBUG_INFO = NO;
				SDKROOT = iphoneos;
				SWIFT_COMPILATION_MODE = wholemodule;
				SWIFT_OPTIMIZATION_LEVEL = "-O";
				VALIDATE_PRODUCT = YES;
			};
			name = Release;
		};
		FB378578209CDC72007EC68C /* Debug */ = {
			isa = XCBuildConfiguration;
			buildSettings = {
				ASSETCATALOG_COMPILER_APPICON_NAME = AppIcon;
				CODE_SIGN_STYLE = Automatic;
				DEVELOPMENT_TEAM = YSFYJESH4Z;
				INFOPLIST_FILE = BrightVibeCalendar/Info.plist;
				LD_RUNPATH_SEARCH_PATHS = (
					"$(inherited)",
					"@executable_path/Frameworks",
				);
				PRODUCT_BUNDLE_IDENTIFIER = com.robtimpone.BrightVibeCalendar;
				PRODUCT_NAME = "$(TARGET_NAME)";
				SWIFT_VERSION = 4.0;
				TARGETED_DEVICE_FAMILY = "1,2";
			};
			name = Debug;
		};
		FB378579209CDC72007EC68C /* Release */ = {
			isa = XCBuildConfiguration;
			buildSettings = {
				ASSETCATALOG_COMPILER_APPICON_NAME = AppIcon;
				CODE_SIGN_STYLE = Automatic;
				DEVELOPMENT_TEAM = YSFYJESH4Z;
				INFOPLIST_FILE = BrightVibeCalendar/Info.plist;
				LD_RUNPATH_SEARCH_PATHS = (
					"$(inherited)",
					"@executable_path/Frameworks",
				);
				PRODUCT_BUNDLE_IDENTIFIER = com.robtimpone.BrightVibeCalendar;
				PRODUCT_NAME = "$(TARGET_NAME)";
				SWIFT_VERSION = 4.0;
				TARGETED_DEVICE_FAMILY = "1,2";
			};
			name = Release;
		};
/* End XCBuildConfiguration section */

/* Begin XCConfigurationList section */
		FB378560209CDC71007EC68C /* Build configuration list for PBXProject "BrightVibeCalendar" */ = {
			isa = XCConfigurationList;
			buildConfigurations = (
				FB378575209CDC72007EC68C /* Debug */,
				FB378576209CDC72007EC68C /* Release */,
			);
			defaultConfigurationIsVisible = 0;
			defaultConfigurationName = Release;
		};
		FB378577209CDC72007EC68C /* Build configuration list for PBXNativeTarget "BrightVibeCalendar" */ = {
			isa = XCConfigurationList;
			buildConfigurations = (
				FB378578209CDC72007EC68C /* Debug */,
				FB378579209CDC72007EC68C /* Release */,
			);
			defaultConfigurationIsVisible = 0;
			defaultConfigurationName = Release;
		};
/* End XCConfigurationList section */
	};
	rootObject = FB37855D209CDC71007EC68C /* Project object */;
}
